
Microsoft Visual Studio Solution File, Format Version 12.00
Project("{2150E333-8FDC-42A3-9474-1A3956D46DE8}") = "Unary", "Unary", "{0B2DF6E7-E254-4F71-8B6C-59F0E2CA25E1}"
EndProject
Project("{FAE04EC0-301F-11D3-BF4B-00C04F79EFBC}") = "gRPC.Unary.Client", "Unary\gRPC.Unary.Client\gRPC.Unary.Client.csproj", "{DC9F39ED-0423-4A0C-B2F0-FFDFCA8B2E1E}"
EndProject
Project("{FAE04EC0-301F-11D3-BF4B-00C04F79EFBC}") = "gRPC.Unary.Server", "Unary\gRPC.Unary.Server\gRPC.Unary.Server.csproj", "{2FD944A0-3E90-4F80-A469-22C03C5C5D83}"
EndProject
Project("{2150E333-8FDC-42A3-9474-1A3956D46DE8}") = "ServerStreaming", "ServerStreaming", "{C4C4AC19-5093-45E1-8A8D-C27168C7502C}"
EndProject
Project("{FAE04EC0-301F-11D3-BF4B-00C04F79EFBC}") = "gRPC.ServerStreaming.Client", "ServerStreaming\gRPC.ServerStreaming.Client\gRPC.ServerStreaming.Client.csproj", "{1659DA48-7854-4E9A-A4C5-F579B8766B77}"
EndProject
Project("{FAE04EC0-301F-11D3-BF4B-00C04F79EFBC}") = "gRPC.ServerStreaming.Server", "ServerStreaming\gRPC.ServerStreaming.Server\gRPC.ServerStreaming.Server.csproj", "{90B6B983-18B1-473B-8A52-460CC2DEBB39}"
EndProject
Global
	GlobalSection(SolutionConfigurationPlatforms) = preSolution
		Debug|Any CPU = Debug|Any CPU
		Release|Any CPU = Release|Any CPU
	EndGlobalSection
	GlobalSection(NestedProjects) = preSolution
		{DC9F39ED-0423-4A0C-B2F0-FFDFCA8B2E1E} = {0B2DF6E7-E254-4F71-8B6C-59F0E2CA25E1}
		{2FD944A0-3E90-4F80-A469-22C03C5C5D83} = {0B2DF6E7-E254-4F71-8B6C-59F0E2CA25E1}
		{1659DA48-7854-4E9A-A4C5-F579B8766B77} = {C4C4AC19-5093-45E1-8A8D-C27168C7502C}
		{90B6B983-18B1-473B-8A52-460CC2DEBB39} = {C4C4AC19-5093-45E1-8A8D-C27168C7502C}
	EndGlobalSection
	GlobalSection(ProjectConfigurationPlatforms) = postSolution
		{DC9F39ED-0423-4A0C-B2F0-FFDFCA8B2E1E}.Debug|Any CPU.ActiveCfg = Debug|Any CPU
		{DC9F39ED-0423-4A0C-B2F0-FFDFCA8B2E1E}.Debug|Any CPU.Build.0 = Debug|Any CPU
		{DC9F39ED-0423-4A0C-B2F0-FFDFCA8B2E1E}.Release|Any CPU.ActiveCfg = Release|Any CPU
		{DC9F39ED-0423-4A0C-B2F0-FFDFCA8B2E1E}.Release|Any CPU.Build.0 = Release|Any CPU
		{2FD944A0-3E90-4F80-A469-22C03C5C5D83}.Debug|Any CPU.ActiveCfg = Debug|Any CPU
		{2FD944A0-3E90-4F80-A469-22C03C5C5D83}.Debug|Any CPU.Build.0 = Debug|Any CPU
		{2FD944A0-3E90-4F80-A469-22C03C5C5D83}.Release|Any CPU.ActiveCfg = Release|Any CPU
		{2FD944A0-3E90-4F80-A469-22C03C5C5D83}.Release|Any CPU.Build.0 = Release|Any CPU
		{1659DA48-7854-4E9A-A4C5-F579B8766B77}.Debug|Any CPU.ActiveCfg = Debug|Any CPU
		{1659DA48-7854-4E9A-A4C5-F579B8766B77}.Debug|Any CPU.Build.0 = Debug|Any CPU
		{1659DA48-7854-4E9A-A4C5-F579B8766B77}.Release|Any CPU.ActiveCfg = Release|Any CPU
		{1659DA48-7854-4E9A-A4C5-F579B8766B77}.Release|Any CPU.Build.0 = Release|Any CPU
		{90B6B983-18B1-473B-8A52-460CC2DEBB39}.Debug|Any CPU.ActiveCfg = Debug|Any CPU
		{90B6B983-18B1-473B-8A52-460CC2DEBB39}.Debug|Any CPU.Build.0 = Debug|Any CPU
		{90B6B983-18B1-473B-8A52-460CC2DEBB39}.Release|Any CPU.ActiveCfg = Release|Any CPU
		{90B6B983-18B1-473B-8A52-460CC2DEBB39}.Release|Any CPU.Build.0 = Release|Any CPU
	EndGlobalSection
EndGlobal
